
Microsoft Visual Studio Solution File, Format Version 12.00
# Visual Studio Version 17
VisualStudioVersion = 17.14.36105.17 d17.14
MinimumVisualStudioVersion = 10.0.40219.1
Project("{FAE04EC0-301F-11D3-BF4B-00C04F79EFBC}") = "Solution", "Solution\Solution.csproj", "{67FB9ED1-A195-4D72-8F90-65FF1982C42A}"
EndProject
Project("{2150E333-8FDC-42A3-9474-1A3956D46DE8}") = "Tests", "Tests", "{36D591C7-65C7-A0D1-1CBC-10CDE441BDC8}"
EndProject
Project("{FAE04EC0-301F-11D3-BF4B-00C04F79EFBC}") = "Tests", "Tests\Tests.csproj", "{A89198CA-1530-4AB1-91F5-E9429D4DC2BA}"
EndProject
Global
	GlobalSection(SolutionConfigurationPlatforms) = preSolution
		Debug|Any CPU = Debug|Any CPU
		Release|Any CPU = Release|Any CPU
	EndGlobalSection
	GlobalSection(ProjectConfigurationPlatforms) = postSolution
		{67FB9ED1-A195-4D72-8F90-65FF1982C42A}.Debug|Any CPU.ActiveCfg = Debug|Any CPU
		{67FB9ED1-A195-4D72-8F90-65FF1982C42A}.Debug|Any CPU.Build.0 = Debug|Any CPU
		{67FB9ED1-A195-4D72-8F90-65FF1982C42A}.Release|Any CPU.ActiveCfg = Release|Any CPU
		{67FB9ED1-A195-4D72-8F90-65FF1982C42A}.Release|Any CPU.Build.0 = Release|Any CPU
		{A89198CA-1530-4AB1-91F5-E9429D4DC2BA}.Debug|Any CPU.ActiveCfg = Debug|Any CPU
		{A89198CA-1530-4AB1-91F5-E9429D4DC2BA}.Debug|Any CPU.Build.0 = Debug|Any CPU
		{A89198CA-1530-4AB1-91F5-E9429D4DC2BA}.Release|Any CPU.ActiveCfg = Release|Any CPU
		{A89198CA-1530-4AB1-91F5-E9429D4DC2BA}.Release|Any CPU.Build.0 = Release|Any CPU
	EndGlobalSection
	GlobalSection(SolutionProperties) = preSolution
		HideSolutionNode = FALSE
	EndGlobalSection
	GlobalSection(NestedProjects) = preSolution
		{A89198CA-1530-4AB1-91F5-E9429D4DC2BA} = {36D591C7-65C7-A0D1-1CBC-10CDE441BDC8}
	EndGlobalSection
	GlobalSection(ExtensibilityGlobals) = postSolution
		SolutionGuid = {E524A46D-7BA0-4854-B1C1-2A0EEB1FC9E4}
	EndGlobalSection
EndGlobal
